// !$*UTF8*$!
{
	archiveVersion = 1;
	classes = {
	};
	objectVersion = 56;
	objects = {

/* Begin PBXBuildFile section */
		0B5350652C16F0F500C2CC60 /* NetworkingSDK.framework in Frameworks */ = {isa = PBXBuildFile; fileRef = 0B53505C2C16F0F400C2CC60 /* NetworkingSDK.framework */; };
		0B53506A2C16F0F500C2CC60 /* NetworkingSDKTests.swift in Sources */ = {isa = PBXBuildFile; fileRef = 0B5350692C16F0F500C2CC60 /* NetworkingSDKTests.swift */; };
		0B53506B2C16F0F500C2CC60 /* NetworkingSDK.h in Headers */ = {isa = PBXBuildFile; fileRef = 0B53505F2C16F0F400C2CC60 /* NetworkingSDK.h */; settings = {ATTRIBUTES = (Public, ); }; };
		0B5350772C16F10A00C2CC60 /* MovieDetails.swift in Sources */ = {isa = PBXBuildFile; fileRef = 0B5350742C16F10A00C2CC60 /* MovieDetails.swift */; };
		0B5350782C16F10A00C2CC60 /* Movie.swift in Sources */ = {isa = PBXBuildFile; fileRef = 0B5350752C16F10A00C2CC60 /* Movie.swift */; };
		0B5350792C16F10A00C2CC60 /* NetworkManager.swift in Sources */ = {isa = PBXBuildFile; fileRef = 0B5350762C16F10A00C2CC60 /* NetworkManager.swift */; };
/* End PBXBuildFile section */

/* Begin PBXContainerItemProxy section */
		0B5350662C16F0F500C2CC60 /* PBXContainerItemProxy */ = {
			isa = PBXContainerItemProxy;
			containerPortal = 0B5350532C16F0F400C2CC60 /* Project object */;
			proxyType = 1;
			remoteGlobalIDString = 0B53505B2C16F0F400C2CC60;
			remoteInfo = NetworkingSDK;
		};
/* End PBXContainerItemProxy section */

/* Begin PBXFileReference section */
		0B53505C2C16F0F400C2CC60 /* NetworkingSDK.framework */ = {isa = PBXFileReference; explicitFileType = wrapper.framework; includeInIndex = 0; path = NetworkingSDK.framework; sourceTree = BUILT_PRODUCTS_DIR; };
		0B53505F2C16F0F400C2CC60 /* NetworkingSDK.h */ = {isa = PBXFileReference; lastKnownFileType = sourcecode.c.h; path = NetworkingSDK.h; sourceTree = "<group>"; };
		0B5350642C16F0F500C2CC60 /* NetworkingSDKTests.xctest */ = {isa = PBXFileReference; explicitFileType = wrapper.cfbundle; includeInIndex = 0; path = NetworkingSDKTests.xctest; sourceTree = BUILT_PRODUCTS_DIR; };
		0B5350692C16F0F500C2CC60 /* NetworkingSDKTests.swift */ = {isa = PBXFileReference; lastKnownFileType = sourcecode.swift; path = NetworkingSDKTests.swift; sourceTree = "<group>"; };
		0B5350742C16F10A00C2CC60 /* MovieDetails.swift */ = {isa = PBXFileReference; fileEncoding = 4; lastKnownFileType = sourcecode.swift; path = MovieDetails.swift; sourceTree = "<group>"; };
		0B5350752C16F10A00C2CC60 /* Movie.swift */ = {isa = PBXFileReference; fileEncoding = 4; lastKnownFileType = sourcecode.swift; path = Movie.swift; sourceTree = "<group>"; };
		0B5350762C16F10A00C2CC60 /* NetworkManager.swift */ = {isa = PBXFileReference; fileEncoding = 4; lastKnownFileType = sourcecode.swift; path = NetworkManager.swift; sourceTree = "<group>"; };
/* End PBXFileReference section */

/* Begin PBXFrameworksBuildPhase section */
		0B5350592C16F0F400C2CC60 /* Frameworks */ = {
			isa = PBXFrameworksBuildPhase;
			buildActionMask = 2147483647;
			files = (
			);
			runOnlyForDeploymentPostprocessing = 0;
		};
		0B5350612C16F0F500C2CC60 /* Frameworks */ = {
			isa = PBXFrameworksBuildPhase;
			buildActionMask = 2147483647;
			files = (
				0B5350652C16F0F500C2CC60 /* NetworkingSDK.framework in Frameworks */,
			);
			runOnlyForDeploymentPostprocessing = 0;
		};
/* End PBXFrameworksBuildPhase section */

/* Begin PBXGroup section */
		0B5350522C16F0F400C2CC60 = {
			isa = PBXGroup;
			children = (
				0B53505E2C16F0F400C2CC60 /* NetworkingSDK */,
				0B5350682C16F0F500C2CC60 /* NetworkingSDKTests */,
				0B53505D2C16F0F400C2CC60 /* Products */,
			);
			sourceTree = "<group>";
		};
		0B53505D2C16F0F400C2CC60 /* Products */ = {
			isa = PBXGroup;
			children = (
				0B53505C2C16F0F400C2CC60 /* NetworkingSDK.framework */,
				0B5350642C16F0F500C2CC60 /* NetworkingSDKTests.xctest */,
			);
			name = Products;
			sourceTree = "<group>";
		};
		0B53505E2C16F0F400C2CC60 /* NetworkingSDK */ = {
			isa = PBXGroup;
			children = (
				0B53505F2C16F0F400C2CC60 /* NetworkingSDK.h */,
				0B5350752C16F10A00C2CC60 /* Movie.swift */,
				0B5350742C16F10A00C2CC60 /* MovieDetails.swift */,
				0B5350762C16F10A00C2CC60 /* NetworkManager.swift */,
			);
			path = NetworkingSDK;
			sourceTree = "<group>";
		};
		0B5350682C16F0F500C2CC60 /* NetworkingSDKTests */ = {
			isa = PBXGroup;
			children = (
				0B5350692C16F0F500C2CC60 /* NetworkingSDKTests.swift */,
			);
			path = NetworkingSDKTests;
			sourceTree = "<group>";
		};
/* End PBXGroup section */

/* Begin PBXHeadersBuildPhase section */
		0B5350572C16F0F400C2CC60 /* Headers */ = {
			isa = PBXHeadersBuildPhase;
			buildActionMask = 2147483647;
			files = (
				0B53506B2C16F0F500C2CC60 /* NetworkingSDK.h in Headers */,
			);
			runOnlyForDeploymentPostprocessing = 0;
		};
/* End PBXHeadersBuildPhase section */

/* Begin PBXNativeTarget section */
		0B53505B2C16F0F400C2CC60 /* NetworkingSDK */ = {
			isa = PBXNativeTarget;
			buildConfigurationList = 0B53506E2C16F0F500C2CC60 /* Build configuration list for PBXNativeTarget "NetworkingSDK" */;
			buildPhases = (
				0B5350572C16F0F400C2CC60 /* Headers */,
				0B5350582C16F0F400C2CC60 /* Sources */,
				0B5350592C16F0F400C2CC60 /* Frameworks */,
				0B53505A2C16F0F400C2CC60 /* Resources */,
			);
			buildRules = (
			);
			dependencies = (
			);
			name = NetworkingSDK;
			productName = NetworkingSDK;
			productReference = 0B53505C2C16F0F400C2CC60 /* NetworkingSDK.framework */;
			productType = "com.apple.product-type.framework";
		};
		0B5350632C16F0F500C2CC60 /* NetworkingSDKTests */ = {
			isa = PBXNativeTarget;
			buildConfigurationList = 0B5350712C16F0F500C2CC60 /* Build configuration list for PBXNativeTarget "NetworkingSDKTests" */;
			buildPhases = (
				0B5350602C16F0F500C2CC60 /* Sources */,
				0B5350612C16F0F500C2CC60 /* Frameworks */,
				0B5350622C16F0F500C2CC60 /* Resources */,
			);
			buildRules = (
			);
			dependencies = (
				0B5350672C16F0F500C2CC60 /* PBXTargetDependency */,
			);
			name = NetworkingSDKTests;
			productName = NetworkingSDKTests;
			productReference = 0B5350642C16F0F500C2CC60 /* NetworkingSDKTests.xctest */;
			productType = "com.apple.product-type.bundle.unit-test";
		};
/* End PBXNativeTarget section */

/* Begin PBXProject section */
		0B5350532C16F0F400C2CC60 /* Project object */ = {
			isa = PBXProject;
			attributes = {
				BuildIndependentTargetsInParallel = 1;
				LastSwiftUpdateCheck = 1530;
				LastUpgradeCheck = 1530;
				TargetAttributes = {
					0B53505B2C16F0F400C2CC60 = {
						CreatedOnToolsVersion = 15.3;
						LastSwiftMigration = 1530;
					};
					0B5350632C16F0F500C2CC60 = {
						CreatedOnToolsVersion = 15.3;
					};
				};
			};
			buildConfigurationList = 0B5350562C16F0F400C2CC60 /* Build configuration list for PBXProject "NetworkingSDK" */;
			compatibilityVersion = "Xcode 14.0";
			developmentRegion = en;
			hasScannedForEncodings = 0;
			knownRegions = (
				en,
				Base,
			);
			mainGroup = 0B5350522C16F0F400C2CC60;
			productRefGroup = 0B53505D2C16F0F400C2CC60 /* Products */;
			projectDirPath = "";
			projectRoot = "";
			targets = (
				0B53505B2C16F0F400C2CC60 /* NetworkingSDK */,
				0B5350632C16F0F500C2CC60 /* NetworkingSDKTests */,
			);
		};
/* End PBXProject section */

/* Begin PBXResourcesBuildPhase section */
		0B53505A2C16F0F400C2CC60 /* Resources */ = {
			isa = PBXResourcesBuildPhase;
			buildActionMask = 2147483647;
			files = (
			);
			runOnlyForDeploymentPostprocessing = 0;
		};
		0B5350622C16F0F500C2CC60 /* Resources */ = {
			isa = PBXResourcesBuildPhase;
			buildActionMask = 2147483647;
			files = (
			);
			runOnlyForDeploymentPostprocessing = 0;
		};
/* End PBXResourcesBuildPhase section */

/* Begin PBXSourcesBuildPhase section */
		0B5350582C16F0F400C2CC60 /* Sources */ = {
			isa = PBXSourcesBuildPhase;
			buildActionMask = 2147483647;
			files = (
				0B5350792C16F10A00C2CC60 /* NetworkManager.swift in Sources */,
				0B5350782C16F10A00C2CC60 /* Movie.swift in Sources */,
				0B5350772C16F10A00C2CC60 /* MovieDetails.swift in Sources */,
			);
			runOnlyForDeploymentPostprocessing = 0;
		};
		0B5350602C16F0F500C2CC60 /* Sources */ = {
			isa = PBXSourcesBuildPhase;
			buildActionMask = 2147483647;
			files = (
				0B53506A2C16F0F500C2CC60 /* NetworkingSDKTests.swift in Sources */,
			);
			runOnlyForDeploymentPostprocessing = 0;
		};
/* End PBXSourcesBuildPhase section */

/* Begin PBXTargetDependency section */
		0B5350672C16F0F500C2CC60 /* PBXTargetDependency */ = {
			isa = PBXTargetDependency;
			target = 0B53505B2C16F0F400C2CC60 /* NetworkingSDK */;
			targetProxy = 0B5350662C16F0F500C2CC60 /* PBXContainerItemProxy */;
		};
/* End PBXTargetDependency section */

/* Begin XCBuildConfiguration section */
		0B53506C2C16F0F500C2CC60 /* Debug */ = {
			isa = XCBuildConfiguration;
			buildSettings = {
				ALWAYS_SEARCH_USER_PATHS = NO;
				ASSETCATALOG_COMPILER_GENERATE_SWIFT_ASSET_SYMBOL_EXTENSIONS = YES;
				CLANG_ANALYZER_NONNULL = YES;
				CLANG_ANALYZER_NUMBER_OBJECT_CONVERSION = YES_AGGRESSIVE;
				CLANG_CXX_LANGUAGE_STANDARD = "gnu++20";
				CLANG_ENABLE_MODULES = YES;
				CLANG_ENABLE_OBJC_ARC = YES;
				CLANG_ENABLE_OBJC_WEAK = YES;
				CLANG_WARN_BLOCK_CAPTURE_AUTORELEASING = YES;
				CLANG_WARN_BOOL_CONVERSION = YES;
				CLANG_WARN_COMMA = YES;
				CLANG_WARN_CONSTANT_CONVERSION = YES;
				CLANG_WARN_DEPRECATED_OBJC_IMPLEMENTATIONS = YES;
				CLANG_WARN_DIRECT_OBJC_ISA_USAGE = YES_ERROR;
				CLANG_WARN_DOCUMENTATION_COMMENTS = YES;
				CLANG_WARN_EMPTY_BODY = YES;
				CLANG_WARN_ENUM_CONVERSION = YES;
				CLANG_WARN_INFINITE_RECURSION = YES;
				CLANG_WARN_INT_CONVERSION = YES;
				CLANG_WARN_NON_LITERAL_NULL_CONVERSION = YES;
				CLANG_WARN_OBJC_IMPLICIT_RETAIN_SELF = YES;
				CLANG_WARN_OBJC_LITERAL_CONVERSION = YES;
				CLANG_WARN_OBJC_ROOT_CLASS = YES_ERROR;
				CLANG_WARN_QUOTED_INCLUDE_IN_FRAMEWORK_HEADER = YES;
				CLANG_WARN_RANGE_LOOP_ANALYSIS = YES;
				CLANG_WARN_STRICT_PROTOTYPES = YES;
				CLANG_WARN_SUSPICIOUS_MOVE = YES;
				CLANG_WARN_UNGUARDED_AVAILABILITY = YES_AGGRESSIVE;
				CLANG_WARN_UNREACHABLE_CODE = YES;
				CLANG_WARN__DUPLICATE_METHOD_MATCH = YES;
				COPY_PHASE_STRIP = NO;
				CURRENT_PROJECT_VERSION = 1;
				DEBUG_INFORMATION_FORMAT = dwarf;
				ENABLE_STRICT_OBJC_MSGSEND = YES;
				ENABLE_TESTABILITY = YES;
				ENABLE_USER_SCRIPT_SANDBOXING = YES;
				GCC_C_LANGUAGE_STANDARD = gnu17;
				GCC_DYNAMIC_NO_PIC = NO;
				GCC_NO_COMMON_BLOCKS = YES;
				GCC_OPTIMIZATION_LEVEL = 0;
				GCC_PREPROCESSOR_DEFINITIONS = (
					"DEBUG=1",
					"$(inherited)",
				);
				GCC_WARN_64_TO_32_BIT_CONVERSION = YES;
				GCC_WARN_ABOUT_RETURN_TYPE = YES_ERROR;
				GCC_WARN_UNDECLARED_SELECTOR = YES;
				GCC_WARN_UNINITIALIZED_AUTOS = YES_AGGRESSIVE;
				GCC_WARN_UNUSED_FUNCTION = YES;
				GCC_WARN_UNUSED_VARIABLE = YES;
				IPHONEOS_DEPLOYMENT_TARGET = 17.4;
				LOCALIZATION_PREFERS_STRING_CATALOGS = YES;
				MTL_ENABLE_DEBUG_INFO = INCLUDE_SOURCE;
				MTL_FAST_MATH = YES;
				ONLY_ACTIVE_ARCH = YES;
				SDKROOT = iphoneos;
				SWIFT_ACTIVE_COMPILATION_CONDITIONS = "DEBUG $(inherited)";
				SWIFT_OPTIMIZATION_LEVEL = "-Onone";
				VERSIONING_SYSTEM = "apple-generic";
				VERSION_INFO_PREFIX = "";
			};
			name = Debug;
		};
		0B53506D2C16F0F500C2CC60 /* Release */ = {
			isa = XCBuildConfiguration;
			buildSettings = {
				ALWAYS_SEARCH_USER_PATHS = NO;
				ASSETCATALOG_COMPILER_GENERATE_SWIFT_ASSET_SYMBOL_EXTENSIONS = YES;
				CLANG_ANALYZER_NONNULL = YES;
				CLANG_ANALYZER_NUMBER_OBJECT_CONVERSION = YES_AGGRESSIVE;
				CLANG_CXX_LANGUAGE_STANDARD = "gnu++20";
				CLANG_ENABLE_MODULES = YES;
				CLANG_ENABLE_OBJC_ARC = YES;
				CLANG_ENABLE_OBJC_WEAK = YES;
				CLANG_WARN_BLOCK_CAPTURE_AUTORELEASING = YES;
				CLANG_WARN_BOOL_CONVERSION = YES;
				CLANG_WARN_COMMA = YES;
				CLANG_WARN_CONSTANT_CONVERSION = YES;
				CLANG_WARN_DEPRECATED_OBJC_IMPLEMENTATIONS = YES;
				CLANG_WARN_DIRECT_OBJC_ISA_USAGE = YES_ERROR;
				CLANG_WARN_DOCUMENTATION_COMMENTS = YES;
				CLANG_WARN_EMPTY_BODY = YES;
				CLANG_WARN_ENUM_CONVERSION = YES;
				CLANG_WARN_INFINITE_RECURSION = YES;
				CLANG_WARN_INT_CONVERSION = YES;
				CLANG_WARN_NON_LITERAL_NULL_CONVERSION = YES;
				CLANG_WARN_OBJC_IMPLICIT_RETAIN_SELF = YES;
				CLANG_WARN_OBJC_LITERAL_CONVERSION = YES;
				CLANG_WARN_OBJC_ROOT_CLASS = YES_ERROR;
				CLANG_WARN_QUOTED_INCLUDE_IN_FRAMEWORK_HEADER = YES;
				CLANG_WARN_RANGE_LOOP_ANALYSIS = YES;
				CLANG_WARN_STRICT_PROTOTYPES = YES;
				CLANG_WARN_SUSPICIOUS_MOVE = YES;
				CLANG_WARN_UNGUARDED_AVAILABILITY = YES_AGGRESSIVE;
				CLANG_WARN_UNREACHABLE_CODE = YES;
				CLANG_WARN__DUPLICATE_METHOD_MATCH = YES;
				COPY_PHASE_STRIP = NO;
				CURRENT_PROJECT_VERSION = 1;
				DEBUG_INFORMATION_FORMAT = "dwarf-with-dsym";
				ENABLE_NS_ASSERTIONS = NO;
				ENABLE_STRICT_OBJC_MSGSEND = YES;
				ENABLE_USER_SCRIPT_SANDBOXING = YES;
				GCC_C_LANGUAGE_STANDARD = gnu17;
				GCC_NO_COMMON_BLOCKS = YES;
				GCC_WARN_64_TO_32_BIT_CONVERSION = YES;
				GCC_WARN_ABOUT_RETURN_TYPE = YES_ERROR;
				GCC_WARN_UNDECLARED_SELECTOR = YES;
				GCC_WARN_UNINITIALIZED_AUTOS = YES_AGGRESSIVE;
				GCC_WARN_UNUSED_FUNCTION = YES;
				GCC_WARN_UNUSED_VARIABLE = YES;
				IPHONEOS_DEPLOYMENT_TARGET = 17.4;
				LOCALIZATION_PREFERS_STRING_CATALOGS = YES;
				MTL_ENABLE_DEBUG_INFO = NO;
				MTL_FAST_MATH = YES;
				SDKROOT = iphoneos;
				SWIFT_COMPILATION_MODE = wholemodule;
				VALIDATE_PRODUCT = YES;
				VERSIONING_SYSTEM = "apple-generic";
				VERSION_INFO_PREFIX = "";
			};
			name = Release;
		};
		0B53506F2C16F0F500C2CC60 /* Debug */ = {
			isa = XCBuildConfiguration;
			buildSettings = {
				BUILD_LIBRARY_FOR_DISTRIBUTION = YES;
				CLANG_ENABLE_MODULES = YES;
				CODE_SIGN_STYLE = Automatic;
				CURRENT_PROJECT_VERSION = 1;
				DEFINES_MODULE = YES;
				DEVELOPMENT_TEAM = YGV76B8D84;
				DYLIB_COMPATIBILITY_VERSION = 1;
				DYLIB_CURRENT_VERSION = 1;
				DYLIB_INSTALL_NAME_BASE = "@rpath";
				ENABLE_MODULE_VERIFIER = YES;
				GENERATE_INFOPLIST_FILE = YES;
				INFOPLIST_KEY_NSHumanReadableCopyright = "";
				INSTALL_PATH = "$(LOCAL_LIBRARY_DIR)/Frameworks";
				LD_RUNPATH_SEARCH_PATHS = (
					"$(inherited)",
					"@executable_path/Frameworks",
					"@loader_path/Frameworks",
				);
				MARKETING_VERSION = 1.0;
				MODULE_VERIFIER_SUPPORTED_LANGUAGES = "objective-c objective-c++";
				MODULE_VERIFIER_SUPPORTED_LANGUAGE_STANDARDS = "gnu17 gnu++20";
				PRODUCT_BUNDLE_IDENTIFIER = com.kushagra.NetworkingSDK;
				PRODUCT_NAME = "$(TARGET_NAME:c99extidentifier)";
				SKIP_INSTALL = YES;
				SWIFT_EMIT_LOC_STRINGS = YES;
				SWIFT_INSTALL_OBJC_HEADER = NO;
				SWIFT_OPTIMIZATION_LEVEL = "-Onone";
				SWIFT_VERSION = 5.0;
				TARGETED_DEVICE_FAMILY = "1,2";
			};
			name = Debug;
		};
		0B5350702C16F0F500C2CC60 /* Release */ = {
			isa = XCBuildConfiguration;
			buildSettings = {
				BUILD_LIBRARY_FOR_DISTRIBUTION = YES;
				CLANG_ENABLE_MODULES = YES;
				CODE_SIGN_STYLE = Automatic;
				CURRENT_PROJECT_VERSION = 1;
				DEFINES_MODULE = YES;
				DEVELOPMENT_TEAM = YGV76B8D84;
				DYLIB_COMPATIBILITY_VERSION = 1;
				DYLIB_CURRENT_VERSION = 1;
				DYLIB_INSTALL_NAME_BASE = "@rpath";
				ENABLE_MODULE_VERIFIER = YES;
				GENERATE_INFOPLIST_FILE = YES;
				INFOPLIST_KEY_NSHumanReadableCopyright = "";
				INSTALL_PATH = "$(LOCAL_LIBRARY_DIR)/Frameworks";
				LD_RUNPATH_SEARCH_PATHS = (
					"$(inherited)",
					"@executable_path/Frameworks",
					"@loader_path/Frameworks",
				);
				MARKETING_VERSION = 1.0;
				MODULE_VERIFIER_SUPPORTED_LANGUAGES = "objective-c objective-c++";
				MODULE_VERIFIER_SUPPORTED_LANGUAGE_STANDARDS = "gnu17 gnu++20";
				PRODUCT_BUNDLE_IDENTIFIER = com.kushagra.NetworkingSDK;
				PRODUCT_NAME = "$(TARGET_NAME:c99extidentifier)";
				SKIP_INSTALL = YES;
				SWIFT_EMIT_LOC_STRINGS = YES;
				SWIFT_INSTALL_OBJC_HEADER = NO;
				SWIFT_VERSION = 5.0;
				TARGETED_DEVICE_FAMILY = "1,2";
			};
			name = Release;
		};
		0B5350722C16F0F500C2CC60 /* Debug */ = {
			isa = XCBuildConfiguration;
			buildSettings = {
				ALWAYS_EMBED_SWIFT_STANDARD_LIBRARIES = YES;
				CODE_SIGN_STYLE = Automatic;
				CURRENT_PROJECT_VERSION = 1;
				DEVELOPMENT_TEAM = YGV76B8D84;
				GENERATE_INFOPLIST_FILE = YES;
				MARKETING_VERSION = 1.0;
				PRODUCT_BUNDLE_IDENTIFIER = com.kushagra.NetworkingSDKTests;
				PRODUCT_NAME = "$(TARGET_NAME)";
				SWIFT_EMIT_LOC_STRINGS = NO;
				SWIFT_VERSION = 5.0;
				TARGETED_DEVICE_FAMILY = "1,2";
			};
			name = Debug;
		};
		0B5350732C16F0F500C2CC60 /* Release */ = {
			isa = XCBuildConfiguration;
			buildSettings = {
				ALWAYS_EMBED_SWIFT_STANDARD_LIBRARIES = YES;
				CODE_SIGN_STYLE = Automatic;
				CURRENT_PROJECT_VERSION = 1;
				DEVELOPMENT_TEAM = YGV76B8D84;
				GENERATE_INFOPLIST_FILE = YES;
				MARKETING_VERSION = 1.0;
				PRODUCT_BUNDLE_IDENTIFIER = com.kushagra.NetworkingSDKTests;
				PRODUCT_NAME = "$(TARGET_NAME)";
				SWIFT_EMIT_LOC_STRINGS = NO;
				SWIFT_VERSION = 5.0;
				TARGETED_DEVICE_FAMILY = "1,2";
			};
			name = Release;
		};
/* End XCBuildConfiguration section */

/* Begin XCConfigurationList section */
		0B5350562C16F0F400C2CC60 /* Build configuration list for PBXProject "NetworkingSDK" */ = {
			isa = XCConfigurationList;
			buildConfigurations = (
				0B53506C2C16F0F500C2CC60 /* Debug */,
				0B53506D2C16F0F500C2CC60 /* Release */,
			);
			defaultConfigurationIsVisible = 0;
			defaultConfigurationName = Release;
		};
		0B53506E2C16F0F500C2CC60 /* Build configuration list for PBXNativeTarget "NetworkingSDK" */ = {
			isa = XCConfigurationList;
			buildConfigurations = (
				0B53506F2C16F0F500C2CC60 /* Debug */,
				0B5350702C16F0F500C2CC60 /* Release */,
			);
			defaultConfigurationIsVisible = 0;
			defaultConfigurationName = Release;
		};
		0B5350712C16F0F500C2CC60 /* Build configuration list for PBXNativeTarget "NetworkingSDKTests" */ = {
			isa = XCConfigurationList;
			buildConfigurations = (
				0B5350722C16F0F500C2CC60 /* Debug */,
				0B5350732C16F0F500C2CC60 /* Release */,
			);
			defaultConfigurationIsVisible = 0;
			defaultConfigurationName = Release;
		};
/* End XCConfigurationList section */
	};
	rootObject = 0B5350532C16F0F400C2CC60 /* Project object */;
}
